PATH
  remote: ..
  specs:
    strip_attributes (1.1.0)
      activemodel (>= 3.2, < 8.1)
      activesupport

GEM
  remote: http://rubygems.org/
  specs:
    activemodel (6.0.5.1)
      activesupport (= 6.0.5.1)
    activesupport (6.0.5.1)
      concurrent-ruby (~> 1.0, >= 1.0.2)
      i18n (>= 0.7, < 2)
      minitest (~> 5.1)
      tzinfo (~> 1.1)
      zeitwerk (~> 2.2, >= 2.2.2)
    appraisal (2.4.1)
      bundler
      rake
      thor (>= 0.14.0)
    axiom-types (0.1.1)
      descendants_tracker (~> 0.0.4)
      ice_nine (~> 0.11.0)
      thread_safe (~> 0.3, >= 0.3.1)
    byebug (11.1.3)
    coderay (1.1.3)
    coercible (1.0.0)
      descendants_tracker (~> 0.0.1)
    concurrent-ruby (1.1.10)
    descendants_tracker (0.0.4)
      thread_safe (~> 0.3, >= 0.3.1)
    i18n (1.12.0)
      concurrent-ruby (~> 1.0)
    ice_nine (0.11.2)
    method_source (1.0.0)
    minitest (5.16.2)
    power_assert (2.0.1)
    pry (0.13.1)
      coderay (~> 1.1)
      method_source (~> 1.0)
    pry-byebug (3.9.0)
      byebug (~> 11.0)
      pry (~> 0.13.0)
    rake (13.0.6)
    test-unit (3.5.3)
      power_assert
    thor (1.2.1)
    thread_safe (0.3.6)
    tzinfo (1.2.10)
      thread_safe (~> 0.1)
    virtus (2.0.0)
      axiom-types (~> 0.1)
      coercible (~> 1.0)
      descendants_tracker (~> 0.0, >= 0.0.3)
    zeitwerk (2.6.0)

PLATFORMS
  x86_64-darwin-21
  x86_64-linux

DEPENDENCIES
  activemodel (~> 6.0.5)
  appraisal
  pry
  pry-byebug
  rake
  strip_attributes!
  test-unit
  virtus

BUNDLED WITH
   2.3.10
